
Microsoft Visual Studio Solution File, Format Version 12.00
# Visual Studio Version 16
VisualStudioVersion = 16.0.30907.101
MinimumVisualStudioVersion = 10.0.40219.1
Project("{FAE04EC0-301F-11D3-BF4B-00C04F79EFBC}") = "Week2_Assign1", "Week2_Assign1\Week2_Assign1.csproj", "{0202CB89-8B4C-461D-969D-E3CCEFF536BC}"
EndProject
Global
	GlobalSection(SolutionConfigurationPlatforms) = preSolution
		Debug|Any CPU = Debug|Any CPU
		Release|Any CPU = Release|Any CPU
	EndGlobalSection
	GlobalSection(ProjectConfigurationPlatforms) = postSolution
		{0202CB89-8B4C-461D-969D-E3CCEFF536BC}.Debug|Any CPU.ActiveCfg = Debug|Any CPU
		{0202CB89-8B4C-461D-969D-E3CCEFF536BC}.Debug|Any CPU.Build.0 = Debug|Any CPU
		{0202CB89-8B4C-461D-969D-E3CCEFF536BC}.Release|Any CPU.ActiveCfg = Release|Any CPU
		{0202CB89-8B4C-461D-969D-E3CCEFF536BC}.Release|Any CPU.Build.0 = Release|Any CPU
	EndGlobalSection
	GlobalSection(SolutionProperties) = preSolution
		HideSolutionNode = FALSE
	EndGlobalSection
	GlobalSection(ExtensibilityGlobals) = postSolution
		SolutionGuid = {55A20B48-1836-4708-BCDB-6024CA6F03FD}
	EndGlobalSection
EndGlobal
